
Microsoft Visual Studio Solution File, Format Version 12.00
# Visual Studio Version 17
VisualStudioVersion = 17.9.34728.123
MinimumVisualStudioVersion = 10.0.40219.1
Project("{FAE04EC0-301F-11D3-BF4B-00C04F79EFBC}") = "Student registration mvc with entity", "Student registration mvc with entity\Student registration mvc with entity.csproj", "{532B666B-86E2-4934-904D-C24482E87DB2}"
EndProject
Global
	GlobalSection(SolutionConfigurationPlatforms) = preSolution
		Debug|Any CPU = Debug|Any CPU
		Release|Any CPU = Release|Any CPU
	EndGlobalSection
	GlobalSection(ProjectConfigurationPlatforms) = postSolution
		{532B666B-86E2-4934-904D-C24482E87DB2}.Debug|Any CPU.ActiveCfg = Debug|Any CPU
		{532B666B-86E2-4934-904D-C24482E87DB2}.Debug|Any CPU.Build.0 = Debug|Any CPU
		{532B666B-86E2-4934-904D-C24482E87DB2}.Release|Any CPU.ActiveCfg = Release|Any CPU
		{532B666B-86E2-4934-904D-C24482E87DB2}.Release|Any CPU.Build.0 = Release|Any CPU
	EndGlobalSection
	GlobalSection(SolutionProperties) = preSolution
		HideSolutionNode = FALSE
	EndGlobalSection
	GlobalSection(ExtensibilityGlobals) = postSolution
		SolutionGuid = {49A1BB69-A2D2-40B0-BA49-723823ADB3DA}
	EndGlobalSection
EndGlobal
